
Microsoft Visual Studio Solution File, Format Version 12.00
# Visual Studio Version 17
VisualStudioVersion = 17.0.31903.59
MinimumVisualStudioVersion = 10.0.40219.1
Project("{2150E333-8FDC-42A3-9474-1A3956D46DE8}") = "src", "src", "{827E0CD3-B72D-47B6-A68D-7590B98EB39B}"
EndProject
Project("{FAE04EC0-301F-11D3-BF4B-00C04F79EFBC}") = "Engine", "src\Engine\Engine.csproj", "{09BDB9E0-4041-4014-9B1D-8E28C682253D}"
EndProject
Project("{2150E333-8FDC-42A3-9474-1A3956D46DE8}") = "hosts", "hosts", "{2F3EF1A3-B2B0-B28C-122D-FFB85167A4CE}"
EndProject
Project("{FAE04EC0-301F-11D3-BF4B-00C04F79EFBC}") = "Desktop", "hosts\Desktop\Desktop.csproj", "{1DB0DD02-D335-4F82-A7D5-A261CFFC7524}"
EndProject
Project("{FAE04EC0-301F-11D3-BF4B-00C04F79EFBC}") = "Browser", "hosts\Browser\Browser.csproj", "{73BDA088-5A42-4E6C-965F-BAF5A9227322}"
EndProject
Project("{FAE04EC0-301F-11D3-BF4B-00C04F79EFBC}") = "iOS", "hosts\iOS\iOS.csproj", "{B8DC3E43-D97F-407F-8170-16A6D5C56EDC}"
EndProject
Project("{FAE04EC0-301F-11D3-BF4B-00C04F79EFBC}") = "Android", "hosts\Android\Android.csproj", "{67D6D886-19E7-4DE3-8086-B4677DCC205C}"
EndProject
Project("{2150E333-8FDC-42A3-9474-1A3956D46DE8}") = "tools", "tools", "{07C2787E-EAC7-C090-1BA3-A61EC2A24D84}"
EndProject
Project("{FAE04EC0-301F-11D3-BF4B-00C04F79EFBC}") = "Cli", "tools\Cli\Cli.csproj", "{43615090-4F98-4A9A-80B8-DE532D42D518}"
EndProject
Project("{FAE04EC0-301F-11D3-BF4B-00C04F79EFBC}") = "Racers.Game", "src\Racers\Racers.Game.csproj", "{EBF67D09-61AD-47C0-A6A8-0650DE944220}"
EndProject
Project("{2150E333-8FDC-42A3-9474-1A3956D46DE8}") = "tests", "tests", "{0AB3BF05-4346-4AA6-1389-037BE0695223}"
EndProject
Project("{FAE04EC0-301F-11D3-BF4B-00C04F79EFBC}") = "Engine.Tests", "tests\Engine.Tests\Engine.Tests.csproj", "{AC91100E-58DB-4ABC-A2F9-36AA7518C24B}"
EndProject
Global
	GlobalSection(SolutionConfigurationPlatforms) = preSolution
		Debug|Any CPU = Debug|Any CPU
		Debug|x64 = Debug|x64
		Debug|x86 = Debug|x86
		Release|Any CPU = Release|Any CPU
		Release|x64 = Release|x64
		Release|x86 = Release|x86
	EndGlobalSection
	GlobalSection(ProjectConfigurationPlatforms) = postSolution
		{09BDB9E0-4041-4014-9B1D-8E28C682253D}.Debug|Any CPU.ActiveCfg = Debug|Any CPU
		{09BDB9E0-4041-4014-9B1D-8E28C682253D}.Debug|Any CPU.Build.0 = Debug|Any CPU
		{09BDB9E0-4041-4014-9B1D-8E28C682253D}.Debug|x64.ActiveCfg = Debug|Any CPU
		{09BDB9E0-4041-4014-9B1D-8E28C682253D}.Debug|x64.Build.0 = Debug|Any CPU
		{09BDB9E0-4041-4014-9B1D-8E28C682253D}.Debug|x86.ActiveCfg = Debug|Any CPU
		{09BDB9E0-4041-4014-9B1D-8E28C682253D}.Debug|x86.Build.0 = Debug|Any CPU
		{09BDB9E0-4041-4014-9B1D-8E28C682253D}.Release|Any CPU.ActiveCfg = Release|Any CPU
		{09BDB9E0-4041-4014-9B1D-8E28C682253D}.Release|Any CPU.Build.0 = Release|Any CPU
		{09BDB9E0-4041-4014-9B1D-8E28C682253D}.Release|x64.ActiveCfg = Release|Any CPU
		{09BDB9E0-4041-4014-9B1D-8E28C682253D}.Release|x64.Build.0 = Release|Any CPU
		{09BDB9E0-4041-4014-9B1D-8E28C682253D}.Release|x86.ActiveCfg = Release|Any CPU
		{09BDB9E0-4041-4014-9B1D-8E28C682253D}.Release|x86.Build.0 = Release|Any CPU
		{1DB0DD02-D335-4F82-A7D5-A261CFFC7524}.Debug|Any CPU.ActiveCfg = Debug|Any CPU
		{1DB0DD02-D335-4F82-A7D5-A261CFFC7524}.Debug|Any CPU.Build.0 = Debug|Any CPU
		{1DB0DD02-D335-4F82-A7D5-A261CFFC7524}.Debug|x64.ActiveCfg = Debug|Any CPU
		{1DB0DD02-D335-4F82-A7D5-A261CFFC7524}.Debug|x64.Build.0 = Debug|Any CPU
		{1DB0DD02-D335-4F82-A7D5-A261CFFC7524}.Debug|x86.ActiveCfg = Debug|Any CPU
		{1DB0DD02-D335-4F82-A7D5-A261CFFC7524}.Debug|x86.Build.0 = Debug|Any CPU
		{1DB0DD02-D335-4F82-A7D5-A261CFFC7524}.Release|Any CPU.ActiveCfg = Release|Any CPU
		{1DB0DD02-D335-4F82-A7D5-A261CFFC7524}.Release|Any CPU.Build.0 = Release|Any CPU
		{1DB0DD02-D335-4F82-A7D5-A261CFFC7524}.Release|x64.ActiveCfg = Release|Any CPU
		{1DB0DD02-D335-4F82-A7D5-A261CFFC7524}.Release|x64.Build.0 = Release|Any CPU
		{1DB0DD02-D335-4F82-A7D5-A261CFFC7524}.Release|x86.ActiveCfg = Release|Any CPU
		{1DB0DD02-D335-4F82-A7D5-A261CFFC7524}.Release|x86.Build.0 = Release|Any CPU
		{73BDA088-5A42-4E6C-965F-BAF5A9227322}.Debug|Any CPU.ActiveCfg = Debug|Any CPU
		{73BDA088-5A42-4E6C-965F-BAF5A9227322}.Debug|Any CPU.Build.0 = Debug|Any CPU
		{73BDA088-5A42-4E6C-965F-BAF5A9227322}.Debug|x64.ActiveCfg = Debug|Any CPU
		{73BDA088-5A42-4E6C-965F-BAF5A9227322}.Debug|x64.Build.0 = Debug|Any CPU
		{73BDA088-5A42-4E6C-965F-BAF5A9227322}.Debug|x86.ActiveCfg = Debug|Any CPU
		{73BDA088-5A42-4E6C-965F-BAF5A9227322}.Debug|x86.Build.0 = Debug|Any CPU
		{73BDA088-5A42-4E6C-965F-BAF5A9227322}.Release|Any CPU.ActiveCfg = Release|Any CPU
		{73BDA088-5A42-4E6C-965F-BAF5A9227322}.Release|Any CPU.Build.0 = Release|Any CPU
		{73BDA088-5A42-4E6C-965F-BAF5A9227322}.Release|x64.ActiveCfg = Release|Any CPU
		{73BDA088-5A42-4E6C-965F-BAF5A9227322}.Release|x64.Build.0 = Release|Any CPU
		{73BDA088-5A42-4E6C-965F-BAF5A9227322}.Release|x86.ActiveCfg = Release|Any CPU
		{73BDA088-5A42-4E6C-965F-BAF5A9227322}.Release|x86.Build.0 = Release|Any CPU
		{B8DC3E43-D97F-407F-8170-16A6D5C56EDC}.Debug|Any CPU.ActiveCfg = Debug|Any CPU
		{B8DC3E43-D97F-407F-8170-16A6D5C56EDC}.Debug|Any CPU.Build.0 = Debug|Any CPU
		{B8DC3E43-D97F-407F-8170-16A6D5C56EDC}.Debug|x64.ActiveCfg = Debug|Any CPU
		{B8DC3E43-D97F-407F-8170-16A6D5C56EDC}.Debug|x64.Build.0 = Debug|Any CPU
		{B8DC3E43-D97F-407F-8170-16A6D5C56EDC}.Debug|x86.ActiveCfg = Debug|Any CPU
		{B8DC3E43-D97F-407F-8170-16A6D5C56EDC}.Debug|x86.Build.0 = Debug|Any CPU
		{B8DC3E43-D97F-407F-8170-16A6D5C56EDC}.Release|Any CPU.ActiveCfg = Release|Any CPU
		{B8DC3E43-D97F-407F-8170-16A6D5C56EDC}.Release|Any CPU.Build.0 = Release|Any CPU
		{B8DC3E43-D97F-407F-8170-16A6D5C56EDC}.Release|x64.ActiveCfg = Release|Any CPU
		{B8DC3E43-D97F-407F-8170-16A6D5C56EDC}.Release|x64.Build.0 = Release|Any CPU
		{B8DC3E43-D97F-407F-8170-16A6D5C56EDC}.Release|x86.ActiveCfg = Release|Any CPU
		{B8DC3E43-D97F-407F-8170-16A6D5C56EDC}.Release|x86.Build.0 = Release|Any CPU
		{67D6D886-19E7-4DE3-8086-B4677DCC205C}.Debug|Any CPU.ActiveCfg = Debug|Any CPU
		{67D6D886-19E7-4DE3-8086-B4677DCC205C}.Debug|Any CPU.Build.0 = Debug|Any CPU
		{67D6D886-19E7-4DE3-8086-B4677DCC205C}.Debug|x64.ActiveCfg = Debug|Any CPU
		{67D6D886-19E7-4DE3-8086-B4677DCC205C}.Debug|x64.Build.0 = Debug|Any CPU
		{67D6D886-19E7-4DE3-8086-B4677DCC205C}.Debug|x86.ActiveCfg = Debug|Any CPU
		{67D6D886-19E7-4DE3-8086-B4677DCC205C}.Debug|x86.Build.0 = Debug|Any CPU
		{67D6D886-19E7-4DE3-8086-B4677DCC205C}.Release|Any CPU.ActiveCfg = Release|Any CPU
		{67D6D886-19E7-4DE3-8086-B4677DCC205C}.Release|Any CPU.Build.0 = Release|Any CPU
		{67D6D886-19E7-4DE3-8086-B4677DCC205C}.Release|x64.ActiveCfg = Release|Any CPU
		{67D6D886-19E7-4DE3-8086-B4677DCC205C}.Release|x64.Build.0 = Release|Any CPU
		{67D6D886-19E7-4DE3-8086-B4677DCC205C}.Release|x86.ActiveCfg = Release|Any CPU
		{67D6D886-19E7-4DE3-8086-B4677DCC205C}.Release|x86.Build.0 = Release|Any CPU
		{43615090-4F98-4A9A-80B8-DE532D42D518}.Debug|Any CPU.ActiveCfg = Debug|Any CPU
		{43615090-4F98-4A9A-80B8-DE532D42D518}.Debug|Any CPU.Build.0 = Debug|Any CPU
		{43615090-4F98-4A9A-80B8-DE532D42D518}.Debug|x64.ActiveCfg = Debug|Any CPU
		{43615090-4F98-4A9A-80B8-DE532D42D518}.Debug|x64.Build.0 = Debug|Any CPU
		{43615090-4F98-4A9A-80B8-DE532D42D518}.Debug|x86.ActiveCfg = Debug|Any CPU
		{43615090-4F98-4A9A-80B8-DE532D42D518}.Debug|x86.Build.0 = Debug|Any CPU
		{43615090-4F98-4A9A-80B8-DE532D42D518}.Release|Any CPU.ActiveCfg = Release|Any CPU
		{43615090-4F98-4A9A-80B8-DE532D42D518}.Release|Any CPU.Build.0 = Release|Any CPU
		{43615090-4F98-4A9A-80B8-DE532D42D518}.Release|x64.ActiveCfg = Release|Any CPU
		{43615090-4F98-4A9A-80B8-DE532D42D518}.Release|x64.Build.0 = Release|Any CPU
		{43615090-4F98-4A9A-80B8-DE532D42D518}.Release|x86.ActiveCfg = Release|Any CPU
		{43615090-4F98-4A9A-80B8-DE532D42D518}.Release|x86.Build.0 = Release|Any CPU
		{EBF67D09-61AD-47C0-A6A8-0650DE944220}.Debug|Any CPU.ActiveCfg = Debug|Any CPU
		{EBF67D09-61AD-47C0-A6A8-0650DE944220}.Debug|Any CPU.Build.0 = Debug|Any CPU
		{EBF67D09-61AD-47C0-A6A8-0650DE944220}.Debug|x64.ActiveCfg = Debug|Any CPU
		{EBF67D09-61AD-47C0-A6A8-0650DE944220}.Debug|x64.Build.0 = Debug|Any CPU
		{EBF67D09-61AD-47C0-A6A8-0650DE944220}.Debug|x86.ActiveCfg = Debug|Any CPU
		{EBF67D09-61AD-47C0-A6A8-0650DE944220}.Debug|x86.Build.0 = Debug|Any CPU
		{EBF67D09-61AD-47C0-A6A8-0650DE944220}.Release|Any CPU.ActiveCfg = Release|Any CPU
		{EBF67D09-61AD-47C0-A6A8-0650DE944220}.Release|Any CPU.Build.0 = Release|Any CPU
		{EBF67D09-61AD-47C0-A6A8-0650DE944220}.Release|x64.ActiveCfg = Release|Any CPU
		{EBF67D09-61AD-47C0-A6A8-0650DE944220}.Release|x64.Build.0 = Release|Any CPU
		{EBF67D09-61AD-47C0-A6A8-0650DE944220}.Release|x86.ActiveCfg = Release|Any CPU
		{EBF67D09-61AD-47C0-A6A8-0650DE944220}.Release|x86.Build.0 = Release|Any CPU
		{AC91100E-58DB-4ABC-A2F9-36AA7518C24B}.Debug|Any CPU.ActiveCfg = Debug|Any CPU
		{AC91100E-58DB-4ABC-A2F9-36AA7518C24B}.Debug|Any CPU.Build.0 = Debug|Any CPU
		{AC91100E-58DB-4ABC-A2F9-36AA7518C24B}.Debug|x64.ActiveCfg = Debug|Any CPU
		{AC91100E-58DB-4ABC-A2F9-36AA7518C24B}.Debug|x64.Build.0 = Debug|Any CPU
		{AC91100E-58DB-4ABC-A2F9-36AA7518C24B}.Debug|x86.ActiveCfg = Debug|Any CPU
		{AC91100E-58DB-4ABC-A2F9-36AA7518C24B}.Debug|x86.Build.0 = Debug|Any CPU
		{AC91100E-58DB-4ABC-A2F9-36AA7518C24B}.Release|Any CPU.ActiveCfg = Release|Any CPU
		{AC91100E-58DB-4ABC-A2F9-36AA7518C24B}.Release|Any CPU.Build.0 = Release|Any CPU
		{AC91100E-58DB-4ABC-A2F9-36AA7518C24B}.Release|x64.ActiveCfg = Release|Any CPU
		{AC91100E-58DB-4ABC-A2F9-36AA7518C24B}.Release|x64.Build.0 = Release|Any CPU
		{AC91100E-58DB-4ABC-A2F9-36AA7518C24B}.Release|x86.ActiveCfg = Release|Any CPU
		{AC91100E-58DB-4ABC-A2F9-36AA7518C24B}.Release|x86.Build.0 = Release|Any CPU
	EndGlobalSection
	GlobalSection(SolutionProperties) = preSolution
		HideSolutionNode = FALSE
	EndGlobalSection
	GlobalSection(NestedProjects) = preSolution
		{09BDB9E0-4041-4014-9B1D-8E28C682253D} = {827E0CD3-B72D-47B6-A68D-7590B98EB39B}
		{1DB0DD02-D335-4F82-A7D5-A261CFFC7524} = {2F3EF1A3-B2B0-B28C-122D-FFB85167A4CE}
		{73BDA088-5A42-4E6C-965F-BAF5A9227322} = {2F3EF1A3-B2B0-B28C-122D-FFB85167A4CE}
		{B8DC3E43-D97F-407F-8170-16A6D5C56EDC} = {2F3EF1A3-B2B0-B28C-122D-FFB85167A4CE}
		{67D6D886-19E7-4DE3-8086-B4677DCC205C} = {2F3EF1A3-B2B0-B28C-122D-FFB85167A4CE}
		{43615090-4F98-4A9A-80B8-DE532D42D518} = {07C2787E-EAC7-C090-1BA3-A61EC2A24D84}
		{EBF67D09-61AD-47C0-A6A8-0650DE944220} = {827E0CD3-B72D-47B6-A68D-7590B98EB39B}
		{AC91100E-58DB-4ABC-A2F9-36AA7518C24B} = {0AB3BF05-4346-4AA6-1389-037BE0695223}
	EndGlobalSection
EndGlobal
